Microsoft Visual Studio Solution File, Format Version 10.00
# Visual Studio 2008

Project("{79AFFA95-4557-2597-F0CB-D9905058F2CA}") = "games programming", "Assembly-CSharp-firstpass-vs.csproj", "{98022A20-0DBC-A638-BB5B-4833F41A55EB}"
EndProject
Global
	GlobalSection(SolutionConfigurationPlatforms) = preSolution
		Debug|Any CPU = Debug|Any CPU
		Release|Any CPU = Release|Any CPU
	EndGlobalSection
	GlobalSection(ProjectConfigurationPlatforms) = postSolution
		{98022A20-0DBC-A638-BB5B-4833F41A55EB}.Debug|Any CPU.ActiveCfg = Debug|Any CPU
		{98022A20-0DBC-A638-BB5B-4833F41A55EB}.Debug|Any CPU.Build.0 = Debug|Any CPU
		{98022A20-0DBC-A638-BB5B-4833F41A55EB}.Release|Any CPU.ActiveCfg = Release|Any CPU
		{98022A20-0DBC-A638-BB5B-4833F41A55EB}.Release|Any CPU.Build.0 = Release|Any CPU
	EndGlobalSection
	GlobalSection(SolutionProperties) = preSolution
		HideSolutionNode = FALSE
	EndGlobalSection
	
EndGlobal
